{
  "name": "douban-status-push-to-wechat",
  "version": "1.0.0",
  "lockfileVersion": 1,
  "requires": true,
  "dependencies": {
    "axios": {
      "version": "0.18.0",
      "resolved": "http://registry.npm.taobao.org/axios/download/axios-0.18.0.tgz",
      "integrity": "sha1-MtU+SFHv3AoRmTts0AB4nXDAUQI=",
      "requires": {
        "follow-redirects": "^1.3.0",
        "is-buffer": "^1.1.5"
      }
    },
    "camelcase": {
      "version": "5.2.0",
      "resolved": "https://npm.v87.us/camelcase/-/camelcase-5.2.0.tgz",
      "integrity": "sha1-51IqvaXtlMwEieG4RmYQ6IQEz0U="
    },
    "convict": {
      "version": "4.4.1",
      "resolved": "https://npm.v87.us/convict/-/convict-4.4.1.tgz",
      "integrity": "sha1-h/k8Kk9Rv8lh4oc4ZEQtA0mhsNA=",
      "requires": {
        "depd": "1.1.2",
        "json5": "1.0.1",
        "lodash.clonedeep": "4.5.0",
        "moment": "2.22.2",
        "validator": "10.8.0",
        "yargs-parser": "11.0.0"
      }
    },
    "decamelize": {
      "version": "1.2.0",
      "resolved": "https://npm.v87.us/decamelize/-/decamelize-1.2.0.tgz",
      "integrity": "sha1-9lNNFRSCabIDUue+4m9QH5oZEpA="
    },
    "depd": {
      "version": "1.1.2",
      "resolved": "https://npm.v87.us/depd/-/depd-1.1.2.tgz",
      "integrity": "sha1-m81S4UwJd2PnSbJ0xDRu0uVgtak="
    },
    "follow-redirects": {
      "version": "1.14.7",
      "resolved": "https://registry.npmjs.org/follow-redirects/-/follow-redirects-1.14.7.tgz",
      "integrity": "sha512-+hbxoLbFMbRKDwohX8GkTataGqO6Jb7jGwpAlwgy2bIz25XtRm7KEzJM76R1WiNT5SwZkX4Y75SwBolkpmE7iQ=="
    },
    "is-buffer": {
      "version": "1.1.6",
      "resolved": "http://registry.npm.taobao.org/is-buffer/download/is-buffer-1.1.6.tgz",
      "integrity": "sha1-76ouqdqg16suoTqXsritUf776L4="
    },
    "json5": {
      "version": "1.0.1",
      "resolved": "https://npm.v87.us/json5/-/json5-1.0.1.tgz",
      "integrity": "sha1-d5+wAYYE+oVOrL9iUhgNg1Q+Pb4=",
      "requires": {
        "minimist": "^1.2.0"
      }
    },
    "lodash.clonedeep": {
      "version": "4.5.0",
      "resolved": "https://npm.v87.us/lodash.clonedeep/-/lodash.clonedeep-4.5.0.tgz",
      "integrity": "sha1-4j8/nE+Pvd6HJSnBBxhXoIblzO8="
    },
    "minimist": {
      "version": "1.2.0",
      "resolved": "https://npm.v87.us/minimist/-/minimist-1.2.0.tgz",
      "integrity": "sha1-o1AIsg9BOD7sH7kU9M1d95omQoQ="
    },
    "moment": {
      "version": "2.22.2",
      "resolved": "https://npm.v87.us/moment/-/moment-2.22.2.tgz",
      "integrity": "sha1-PCV/mDn8DpP/UxSWMiOeuQeD/2Y="
    },
    "validator": {
      "version": "10.8.0",
      "resolved": "https://npm.v87.us/validator/-/validator-10.8.0.tgz",
      "integrity": "sha1-issVpcOUEcvI7yvgyYwlFNpEEKc="
    },
    "yargs-parser": {
      "version": "11.0.0",
      "resolved": "https://npm.v87.us/yargs-parser/-/yargs-parser-11.0.0.tgz",
      "integrity": "sha1-2f0PDNVRoqLvm79CYG/7YhFjQjI=",
      "requires": {
        "camelcase": "^5.0.0",
        "decamelize": "^1.2.0"
      }
    }
  }
}
